// !$*UTF8*$!
{
	archiveVersion = 1;
	classes = {
	};
	objectVersion = 56;
	objects = {

/* Begin PBXBuildFile section */
		FD8C4ACA29927AB20036F3B3 /* HealthAndSafetyApp.swift in Sources */ = {isa = PBXBuildFile; fileRef = FD8C4AC929927AB20036F3B3 /* HealthAndSafetyApp.swift */; };
		FD8C4ACC29927AB20036F3B3 /* HomeView.swift in Sources */ = {isa = PBXBuildFile; fileRef = FD8C4ACB29927AB20036F3B3 /* HomeView.swift */; };
		FD8C4ACE29927AB20036F3B3 /* Assets.xcassets in Resources */ = {isa = PBXBuildFile; fileRef = FD8C4ACD29927AB20036F3B3 /* Assets.xcassets */; };
		FD8C4AD129927AB20036F3B3 /* Preview Assets.xcassets in Resources */ = {isa = PBXBuildFile; fileRef = FD8C4AD029927AB20036F3B3 /* Preview Assets.xcassets */; };
		FD8C4ADE2992AC070036F3B3 /* ContentModel.swift in Sources */ = {isa = PBXBuildFile; fileRef = FD8C4ADD2992AC070036F3B3 /* ContentModel.swift */; };
		FD8C4AE12992C6580036F3B3 /* style.html in Resources */ = {isa = PBXBuildFile; fileRef = FD8C4ADF2992C6580036F3B3 /* style.html */; };
		FD8C4AE22992C6580036F3B3 /* data.json in Resources */ = {isa = PBXBuildFile; fileRef = FD8C4AE02992C6580036F3B3 /* data.json */; };
		FD8C4AE42992C8450036F3B3 /* Models.swift in Sources */ = {isa = PBXBuildFile; fileRef = FD8C4AE32992C8450036F3B3 /* Models.swift */; };
		FD8C4AE62992DDEC0036F3B3 /* HomeViewRow.swift in Sources */ = {isa = PBXBuildFile; fileRef = FD8C4AE52992DDEC0036F3B3 /* HomeViewRow.swift */; };
		FD8C4AE82992F92B0036F3B3 /* ContentView.swift in Sources */ = {isa = PBXBuildFile; fileRef = FD8C4AE72992F92B0036F3B3 /* ContentView.swift */; };
		FD8C4AEA29931ACF0036F3B3 /* ContentViewRow.swift in Sources */ = {isa = PBXBuildFile; fileRef = FD8C4AE929931ACF0036F3B3 /* ContentViewRow.swift */; };
		FD8C4AEC299321EC0036F3B3 /* ContentDetailView.swift in Sources */ = {isa = PBXBuildFile; fileRef = FD8C4AEB299321EC0036F3B3 /* ContentDetailView.swift */; };
		FD8C4AEF299326440036F3B3 /* AVKit.framework in Frameworks */ = {isa = PBXBuildFile; fileRef = FD8C4AEE299326430036F3B3 /* AVKit.framework */; };
		FD8C4AF12993281A0036F3B3 /* Constants.swift in Sources */ = {isa = PBXBuildFile; fileRef = FD8C4AF02993281A0036F3B3 /* Constants.swift */; };
/* End PBXBuildFile section */

/* Begin PBXFileReference section */
		FD8C4AC629927AB20036F3B3 /* HealthAndSafety.app */ = {isa = PBXFileReference; explicitFileType = wrapper.application; includeInIndex = 0; path = HealthAndSafety.app; sourceTree = BUILT_PRODUCTS_DIR; };
		FD8C4AC929927AB20036F3B3 /* HealthAndSafetyApp.swift */ = {isa = PBXFileReference; lastKnownFileType = sourcecode.swift; path = HealthAndSafetyApp.swift; sourceTree = "<group>"; };
		FD8C4ACB29927AB20036F3B3 /* HomeView.swift */ = {isa = PBXFileReference; lastKnownFileType = sourcecode.swift; path = HomeView.swift; sourceTree = "<group>"; };
		FD8C4ACD29927AB20036F3B3 /* Assets.xcassets */ = {isa = PBXFileReference; lastKnownFileType = folder.assetcatalog; path = Assets.xcassets; sourceTree = "<group>"; };
		FD8C4AD029927AB20036F3B3 /* Preview Assets.xcassets */ = {isa = PBXFileReference; lastKnownFileType = folder.assetcatalog; path = "Preview Assets.xcassets"; sourceTree = "<group>"; };
		FD8C4ADD2992AC070036F3B3 /* ContentModel.swift */ = {isa = PBXFileReference; lastKnownFileType = sourcecode.swift; path = ContentModel.swift; sourceTree = "<group>"; };
		FD8C4ADF2992C6580036F3B3 /* style.html */ = {isa = PBXFileReference; fileEncoding = 4; lastKnownFileType = text.html; path = style.html; sourceTree = "<group>"; };
		FD8C4AE02992C6580036F3B3 /* data.json */ = {isa = PBXFileReference; fileEncoding = 4; lastKnownFileType = text.json; path = data.json; sourceTree = "<group>"; };
		FD8C4AE32992C8450036F3B3 /* Models.swift */ = {isa = PBXFileReference; lastKnownFileType = sourcecode.swift; path = Models.swift; sourceTree = "<group>"; };
		FD8C4AE52992DDEC0036F3B3 /* HomeViewRow.swift */ = {isa = PBXFileReference; lastKnownFileType = sourcecode.swift; path = HomeViewRow.swift; sourceTree = "<group>"; };
		FD8C4AE72992F92B0036F3B3 /* ContentView.swift */ = {isa = PBXFileReference; lastKnownFileType = sourcecode.swift; path = ContentView.swift; sourceTree = "<group>"; };
		FD8C4AE929931ACF0036F3B3 /* ContentViewRow.swift */ = {isa = PBXFileReference; lastKnownFileType = sourcecode.swift; path = ContentViewRow.swift; sourceTree = "<group>"; };
		FD8C4AEB299321EC0036F3B3 /* ContentDetailView.swift */ = {isa = PBXFileReference; lastKnownFileType = sourcecode.swift; path = ContentDetailView.swift; sourceTree = "<group>"; };
		FD8C4AEE299326430036F3B3 /* AVKit.framework */ = {isa = PBXFileReference; lastKnownFileType = wrapper.framework; name = AVKit.framework; path = System/Library/Frameworks/AVKit.framework; sourceTree = SDKROOT; };
		FD8C4AF02993281A0036F3B3 /* Constants.swift */ = {isa = PBXFileReference; lastKnownFileType = sourcecode.swift; path = Constants.swift; sourceTree = "<group>"; };
/* End PBXFileReference section */

/* Begin PBXFrameworksBuildPhase section */
		FD8C4AC329927AB20036F3B3 /* Frameworks */ = {
			isa = PBXFrameworksBuildPhase;
			buildActionMask = 2147483647;
			files = (
				FD8C4AEF299326440036F3B3 /* AVKit.framework in Frameworks */,
			);
			runOnlyForDeploymentPostprocessing = 0;
		};
/* End PBXFrameworksBuildPhase section */

/* Begin PBXGroup section */
		FD8C4ABD29927AB20036F3B3 = {
			isa = PBXGroup;
			children = (
				FD8C4AC829927AB20036F3B3 /* HealthAndSafety */,
				FD8C4AC729927AB20036F3B3 /* Products */,
				FD8C4AED299326430036F3B3 /* Frameworks */,
			);
			sourceTree = "<group>";
		};
		FD8C4AC729927AB20036F3B3 /* Products */ = {
			isa = PBXGroup;
			children = (
				FD8C4AC629927AB20036F3B3 /* HealthAndSafety.app */,
			);
			name = Products;
			sourceTree = "<group>";
		};
		FD8C4AC829927AB20036F3B3 /* HealthAndSafety */ = {
			isa = PBXGroup;
			children = (
				FD8C4AC929927AB20036F3B3 /* HealthAndSafetyApp.swift */,
				FD8C4AD72992AAC40036F3B3 /* Views */,
				FD8C4AD82992AACC0036F3B3 /* ViewModels */,
				FD8C4ADA2992AAF80036F3B3 /* Models */,
				FD8C4ADB2992AB090036F3B3 /* Resources */,
				FD8C4ADC2992AB180036F3B3 /* Helpers */,
				FD8C4ACD29927AB20036F3B3 /* Assets.xcassets */,
				FD8C4ACF29927AB20036F3B3 /* Preview Content */,
			);
			path = HealthAndSafety;
			sourceTree = "<group>";
		};
		FD8C4ACF29927AB20036F3B3 /* Preview Content */ = {
			isa = PBXGroup;
			children = (
				FD8C4AD029927AB20036F3B3 /* Preview Assets.xcassets */,
			);
			path = "Preview Content";
			sourceTree = "<group>";
		};
		FD8C4AD72992AAC40036F3B3 /* Views */ = {
			isa = PBXGroup;
			children = (
				FD8C4ACB29927AB20036F3B3 /* HomeView.swift */,
				FD8C4AE52992DDEC0036F3B3 /* HomeViewRow.swift */,
				FD8C4AE72992F92B0036F3B3 /* ContentView.swift */,
				FD8C4AE929931ACF0036F3B3 /* ContentViewRow.swift */,
				FD8C4AEB299321EC0036F3B3 /* ContentDetailView.swift */,
			);
			path = Views;
			sourceTree = "<group>";
		};
		FD8C4AD82992AACC0036F3B3 /* ViewModels */ = {
			isa = PBXGroup;
			children = (
				FD8C4ADD2992AC070036F3B3 /* ContentModel.swift */,
			);
			path = ViewModels;
			sourceTree = "<group>";
		};
		FD8C4ADA2992AAF80036F3B3 /* Models */ = {
			isa = PBXGroup;
			children = (
				FD8C4AE32992C8450036F3B3 /* Models.swift */,
			);
			path = Models;
			sourceTree = "<group>";
		};
		FD8C4ADB2992AB090036F3B3 /* Resources */ = {
			isa = PBXGroup;
			children = (
				FD8C4AE02992C6580036F3B3 /* data.json */,
				FD8C4ADF2992C6580036F3B3 /* style.html */,
				FD8C4AF02993281A0036F3B3 /* Constants.swift */,
			);
			path = Resources;
			sourceTree = "<group>";
		};
		FD8C4ADC2992AB180036F3B3 /* Helpers */ = {
			isa = PBXGroup;
			children = (
			);
			path = Helpers;
			sourceTree = "<group>";
		};
		FD8C4AED299326430036F3B3 /* Frameworks */ = {
			isa = PBXGroup;
			children = (
				FD8C4AEE299326430036F3B3 /* AVKit.framework */,
			);
			name = Frameworks;
			sourceTree = "<group>";
		};
/* End PBXGroup section */

/* Begin PBXNativeTarget section */
		FD8C4AC529927AB20036F3B3 /* HealthAndSafety */ = {
			isa = PBXNativeTarget;
			buildConfigurationList = FD8C4AD429927AB20036F3B3 /* Build configuration list for PBXNativeTarget "HealthAndSafety" */;
			buildPhases = (
				FD8C4AC229927AB20036F3B3 /* Sources */,
				FD8C4AC329927AB20036F3B3 /* Frameworks */,
				FD8C4AC429927AB20036F3B3 /* Resources */,
			);
			buildRules = (
			);
			dependencies = (
			);
			name = HealthAndSafety;
			productName = HealthAndSafety;
			productReference = FD8C4AC629927AB20036F3B3 /* HealthAndSafety.app */;
			productType = "com.apple.product-type.application";
		};
/* End PBXNativeTarget section */

/* Begin PBXProject section */
		FD8C4ABE29927AB20036F3B3 /* Project object */ = {
			isa = PBXProject;
			attributes = {
				BuildIndependentTargetsInParallel = 1;
				LastSwiftUpdateCheck = 1420;
				LastUpgradeCheck = 1420;
				TargetAttributes = {
					FD8C4AC529927AB20036F3B3 = {
						CreatedOnToolsVersion = 14.2;
					};
				};
			};
			buildConfigurationList = FD8C4AC129927AB20036F3B3 /* Build configuration list for PBXProject "HealthAndSafety" */;
			compatibilityVersion = "Xcode 14.0";
			developmentRegion = en;
			hasScannedForEncodings = 0;
			knownRegions = (
				en,
				Base,
			);
			mainGroup = FD8C4ABD29927AB20036F3B3;
			productRefGroup = FD8C4AC729927AB20036F3B3 /* Products */;
			projectDirPath = "";
			projectRoot = "";
			targets = (
				FD8C4AC529927AB20036F3B3 /* HealthAndSafety */,
			);
		};
/* End PBXProject section */

/* Begin PBXResourcesBuildPhase section */
		FD8C4AC429927AB20036F3B3 /* Resources */ = {
			isa = PBXResourcesBuildPhase;
			buildActionMask = 2147483647;
			files = (
				FD8C4AE12992C6580036F3B3 /* style.html in Resources */,
				FD8C4AD129927AB20036F3B3 /* Preview Assets.xcassets in Resources */,
				FD8C4ACE29927AB20036F3B3 /* Assets.xcassets in Resources */,
				FD8C4AE22992C6580036F3B3 /* data.json in Resources */,
			);
			runOnlyForDeploymentPostprocessing = 0;
		};
/* End PBXResourcesBuildPhase section */

/* Begin PBXSourcesBuildPhase section */
		FD8C4AC229927AB20036F3B3 /* Sources */ = {
			isa = PBXSourcesBuildPhase;
			buildActionMask = 2147483647;
			files = (
				FD8C4ACC29927AB20036F3B3 /* HomeView.swift in Sources */,
				FD8C4AE62992DDEC0036F3B3 /* HomeViewRow.swift in Sources */,
				FD8C4AE82992F92B0036F3B3 /* ContentView.swift in Sources */,
				FD8C4AEC299321EC0036F3B3 /* ContentDetailView.swift in Sources */,
				FD8C4ACA29927AB20036F3B3 /* HealthAndSafetyApp.swift in Sources */,
				FD8C4AEA29931ACF0036F3B3 /* ContentViewRow.swift in Sources */,
				FD8C4ADE2992AC070036F3B3 /* ContentModel.swift in Sources */,
				FD8C4AE42992C8450036F3B3 /* Models.swift in Sources */,
				FD8C4AF12993281A0036F3B3 /* Constants.swift in Sources */,
			);
			runOnlyForDeploymentPostprocessing = 0;
		};
/* End PBXSourcesBuildPhase section */

/* Begin XCBuildConfiguration section */
		FD8C4AD229927AB20036F3B3 /* Debug */ = {
			isa = XCBuildConfiguration;
			buildSettings = {
				ALWAYS_SEARCH_USER_PATHS = NO;
				CLANG_ANALYZER_NONNULL = YES;
				CLANG_ANALYZER_NUMBER_OBJECT_CONVERSION = YES_AGGRESSIVE;
				CLANG_CXX_LANGUAGE_STANDARD = "gnu++20";
				CLANG_ENABLE_MODULES = YES;
				CLANG_ENABLE_OBJC_ARC = YES;
				CLANG_ENABLE_OBJC_WEAK = YES;
				CLANG_WARN_BLOCK_CAPTURE_AUTORELEASING = YES;
				CLANG_WARN_BOOL_CONVERSION = YES;
				CLANG_WARN_COMMA = YES;
				CLANG_WARN_CONSTANT_CONVERSION = YES;
				CLANG_WARN_DEPRECATED_OBJC_IMPLEMENTATIONS = YES;
				CLANG_WARN_DIRECT_OBJC_ISA_USAGE = YES_ERROR;
				CLANG_WARN_DOCUMENTATION_COMMENTS = YES;
				CLANG_WARN_EMPTY_BODY = YES;
				CLANG_WARN_ENUM_CONVERSION = YES;
				CLANG_WARN_INFINITE_RECURSION = YES;
				CLANG_WARN_INT_CONVERSION = YES;
				CLANG_WARN_NON_LITERAL_NULL_CONVERSION = YES;
				CLANG_WARN_OBJC_IMPLICIT_RETAIN_SELF = YES;
				CLANG_WARN_OBJC_LITERAL_CONVERSION = YES;
				CLANG_WARN_OBJC_ROOT_CLASS = YES_ERROR;
				CLANG_WARN_QUOTED_INCLUDE_IN_FRAMEWORK_HEADER = YES;
				CLANG_WARN_RANGE_LOOP_ANALYSIS = YES;
				CLANG_WARN_STRICT_PROTOTYPES = YES;
				CLANG_WARN_SUSPICIOUS_MOVE = YES;
				CLANG_WARN_UNGUARDED_AVAILABILITY = YES_AGGRESSIVE;
				CLANG_WARN_UNREACHABLE_CODE = YES;
				CLANG_WARN__DUPLICATE_METHOD_MATCH = YES;
				COPY_PHASE_STRIP = NO;
				DEBUG_INFORMATION_FORMAT = dwarf;
				ENABLE_STRICT_OBJC_MSGSEND = YES;
				ENABLE_TESTABILITY = YES;
				GCC_C_LANGUAGE_STANDARD = gnu11;
				GCC_DYNAMIC_NO_PIC = NO;
				GCC_NO_COMMON_BLOCKS = YES;
				GCC_OPTIMIZATION_LEVEL = 0;
				GCC_PREPROCESSOR_DEFINITIONS = (
					"DEBUG=1",
					"$(inherited)",
				);
				GCC_WARN_64_TO_32_BIT_CONVERSION = YES;
				GCC_WARN_ABOUT_RETURN_TYPE = YES_ERROR;
				GCC_WARN_UNDECLARED_SELECTOR = YES;
				GCC_WARN_UNINITIALIZED_AUTOS = YES_AGGRESSIVE;
				GCC_WARN_UNUSED_FUNCTION = YES;
				GCC_WARN_UNUSED_VARIABLE = YES;
				IPHONEOS_DEPLOYMENT_TARGET = 16.2;
				MTL_ENABLE_DEBUG_INFO = INCLUDE_SOURCE;
				MTL_FAST_MATH = YES;
				ONLY_ACTIVE_ARCH = YES;
				SDKROOT = iphoneos;
				SWIFT_ACTIVE_COMPILATION_CONDITIONS = DEBUG;
				SWIFT_OPTIMIZATION_LEVEL = "-Onone";
			};
			name = Debug;
		};
		FD8C4AD329927AB20036F3B3 /* Release */ = {
			isa = XCBuildConfiguration;
			buildSettings = {
				ALWAYS_SEARCH_USER_PATHS = NO;
				CLANG_ANALYZER_NONNULL = YES;
				CLANG_ANALYZER_NUMBER_OBJECT_CONVERSION = YES_AGGRESSIVE;
				CLANG_CXX_LANGUAGE_STANDARD = "gnu++20";
				CLANG_ENABLE_MODULES = YES;
				CLANG_ENABLE_OBJC_ARC = YES;
				CLANG_ENABLE_OBJC_WEAK = YES;
				CLANG_WARN_BLOCK_CAPTURE_AUTORELEASING = YES;
				CLANG_WARN_BOOL_CONVERSION = YES;
				CLANG_WARN_COMMA = YES;
				CLANG_WARN_CONSTANT_CONVERSION = YES;
				CLANG_WARN_DEPRECATED_OBJC_IMPLEMENTATIONS = YES;
				CLANG_WARN_DIRECT_OBJC_ISA_USAGE = YES_ERROR;
				CLANG_WARN_DOCUMENTATION_COMMENTS = YES;
				CLANG_WARN_EMPTY_BODY = YES;
				CLANG_WARN_ENUM_CONVERSION = YES;
				CLANG_WARN_INFINITE_RECURSION = YES;
				CLANG_WARN_INT_CONVERSION = YES;
				CLANG_WARN_NON_LITERAL_NULL_CONVERSION = YES;
				CLANG_WARN_OBJC_IMPLICIT_RETAIN_SELF = YES;
				CLANG_WARN_OBJC_LITERAL_CONVERSION = YES;
				CLANG_WARN_OBJC_ROOT_CLASS = YES_ERROR;
				CLANG_WARN_QUOTED_INCLUDE_IN_FRAMEWORK_HEADER = YES;
				CLANG_WARN_RANGE_LOOP_ANALYSIS = YES;
				CLANG_WARN_STRICT_PROTOTYPES = YES;
				CLANG_WARN_SUSPICIOUS_MOVE = YES;
				CLANG_WARN_UNGUARDED_AVAILABILITY = YES_AGGRESSIVE;
				CLANG_WARN_UNREACHABLE_CODE = YES;
				CLANG_WARN__DUPLICATE_METHOD_MATCH = YES;
				COPY_PHASE_STRIP = NO;
				DEBUG_INFORMATION_FORMAT = "dwarf-with-dsym";
				ENABLE_NS_ASSERTIONS = NO;
				ENABLE_STRICT_OBJC_MSGSEND = YES;
				GCC_C_LANGUAGE_STANDARD = gnu11;
				GCC_NO_COMMON_BLOCKS = YES;
				GCC_WARN_64_TO_32_BIT_CONVERSION = YES;
				GCC_WARN_ABOUT_RETURN_TYPE = YES_ERROR;
				GCC_WARN_UNDECLARED_SELECTOR = YES;
				GCC_WARN_UNINITIALIZED_AUTOS = YES_AGGRESSIVE;
				GCC_WARN_UNUSED_FUNCTION = YES;
				GCC_WARN_UNUSED_VARIABLE = YES;
				IPHONEOS_DEPLOYMENT_TARGET = 16.2;
				MTL_ENABLE_DEBUG_INFO = NO;
				MTL_FAST_MATH = YES;
				SDKROOT = iphoneos;
				SWIFT_COMPILATION_MODE = wholemodule;
				SWIFT_OPTIMIZATION_LEVEL = "-O";
				VALIDATE_PRODUCT = YES;
			};
			name = Release;
		};
		FD8C4AD529927AB20036F3B3 /* Debug */ = {
			isa = XCBuildConfiguration;
			buildSettings = {
				ASSETCATALOG_COMPILER_APPICON_NAME = AppIcon;
				ASSETCATALOG_COMPILER_GLOBAL_ACCENT_COLOR_NAME = AccentColor;
				CODE_SIGN_STYLE = Automatic;
				CURRENT_PROJECT_VERSION = 1;
				DEVELOPMENT_ASSET_PATHS = "\"HealthAndSafety/Preview Content\"";
				ENABLE_PREVIEWS = YES;
				GENERATE_INFOPLIST_FILE = YES;
				INFOPLIST_KEY_UIApplicationSceneManifest_Generation = YES;
				INFOPLIST_KEY_UIApplicationSupportsIndirectInputEvents = YES;
				INFOPLIST_KEY_UILaunchScreen_Generation = YES;
				INFOPLIST_KEY_UISupportedInterfaceOrientations_iPad = "UIInterfaceOrientationPortrait UIInterfaceOrientationPortraitUpsideDown UIInterfaceOrientationLandscapeLeft UIInterfaceOrientationLandscapeRight";
				INFOPLIST_KEY_UISupportedInterfaceOrientations_iPhone = "UIInterfaceOrientationPortrait UIInterfaceOrientationLandscapeLeft UIInterfaceOrientationLandscapeRight";
				LD_RUNPATH_SEARCH_PATHS = (
					"$(inherited)",
					"@executable_path/Frameworks",
				);
				MARKETING_VERSION = 1.0;
				PRODUCT_BUNDLE_IDENTIFIER = com.balan.kandasamy.HealthAndSafety;
				PRODUCT_NAME = "$(TARGET_NAME)";
				SWIFT_EMIT_LOC_STRINGS = YES;
				SWIFT_VERSION = 5.0;
				TARGETED_DEVICE_FAMILY = "1,2";
			};
			name = Debug;
		};
		FD8C4AD629927AB20036F3B3 /* Release */ = {
			isa = XCBuildConfiguration;
			buildSettings = {
				ASSETCATALOG_COMPILER_APPICON_NAME = AppIcon;
				ASSETCATALOG_COMPILER_GLOBAL_ACCENT_COLOR_NAME = AccentColor;
				CODE_SIGN_STYLE = Automatic;
				CURRENT_PROJECT_VERSION = 1;
				DEVELOPMENT_ASSET_PATHS = "\"HealthAndSafety/Preview Content\"";
				ENABLE_PREVIEWS = YES;
				GENERATE_INFOPLIST_FILE = YES;
				INFOPLIST_KEY_UIApplicationSceneManifest_Generation = YES;
				INFOPLIST_KEY_UIApplicationSupportsIndirectInputEvents = YES;
				INFOPLIST_KEY_UILaunchScreen_Generation = YES;
				INFOPLIST_KEY_UISupportedInterfaceOrientations_iPad = "UIInterfaceOrientationPortrait UIInterfaceOrientationPortraitUpsideDown UIInterfaceOrientationLandscapeLeft UIInterfaceOrientationLandscapeRight";
				INFOPLIST_KEY_UISupportedInterfaceOrientations_iPhone = "UIInterfaceOrientationPortrait UIInterfaceOrientationLandscapeLeft UIInterfaceOrientationLandscapeRight";
				LD_RUNPATH_SEARCH_PATHS = (
					"$(inherited)",
					"@executable_path/Frameworks",
				);
				MARKETING_VERSION = 1.0;
				PRODUCT_BUNDLE_IDENTIFIER = com.balan.kandasamy.HealthAndSafety;
				PRODUCT_NAME = "$(TARGET_NAME)";
				SWIFT_EMIT_LOC_STRINGS = YES;
				SWIFT_VERSION = 5.0;
				TARGETED_DEVICE_FAMILY = "1,2";
			};
			name = Release;
		};
/* End XCBuildConfiguration section */

/* Begin XCConfigurationList section */
		FD8C4AC129927AB20036F3B3 /* Build configuration list for PBXProject "HealthAndSafety" */ = {
			isa = XCConfigurationList;
			buildConfigurations = (
				FD8C4AD229927AB20036F3B3 /* Debug */,
				FD8C4AD329927AB20036F3B3 /* Release */,
			);
			defaultConfigurationIsVisible = 0;
			defaultConfigurationName = Release;
		};
		FD8C4AD429927AB20036F3B3 /* Build configuration list for PBXNativeTarget "HealthAndSafety" */ = {
			isa = XCConfigurationList;
			buildConfigurations = (
				FD8C4AD529927AB20036F3B3 /* Debug */,
				FD8C4AD629927AB20036F3B3 /* Release */,
			);
			defaultConfigurationIsVisible = 0;
			defaultConfigurationName = Release;
		};
/* End XCConfigurationList section */
	};
	rootObject = FD8C4ABE29927AB20036F3B3 /* Project object */;
}
